
Microsoft Visual Studio Solution File, Format Version 12.00
# Visual Studio Version 16
VisualStudioVersion = 16.0.31613.86
MinimumVisualStudioVersion = 10.0.40219.1
Project("{FAE04EC0-301F-11D3-BF4B-00C04F79EFBC}") = "Project 2", "Project 2\Project 2.csproj", "{DA444F3F-2224-4847-9C7A-4B558219C9E8}"
EndProject
Global
	GlobalSection(SolutionConfigurationPlatforms) = preSolution
		Debug|Any CPU = Debug|Any CPU
		Release|Any CPU = Release|Any CPU
	EndGlobalSection
	GlobalSection(ProjectConfigurationPlatforms) = postSolution
		{DA444F3F-2224-4847-9C7A-4B558219C9E8}.Debug|Any CPU.ActiveCfg = Debug|Any CPU
		{DA444F3F-2224-4847-9C7A-4B558219C9E8}.Debug|Any CPU.Build.0 = Debug|Any CPU
		{DA444F3F-2224-4847-9C7A-4B558219C9E8}.Release|Any CPU.ActiveCfg = Release|Any CPU
		{DA444F3F-2224-4847-9C7A-4B558219C9E8}.Release|Any CPU.Build.0 = Release|Any CPU
	EndGlobalSection
	GlobalSection(SolutionProperties) = preSolution
		HideSolutionNode = FALSE
	EndGlobalSection
	GlobalSection(ExtensibilityGlobals) = postSolution
		SolutionGuid = {05C02D12-0C95-4E25-B245-2AE4ED7704C2}
	EndGlobalSection
EndGlobal
